
Microsoft Visual Studio Solution File, Format Version 12.00
# Visual Studio Version 16
VisualStudioVersion = 16.0.30225.117
MinimumVisualStudioVersion = 15.0.26124.0
Project("{FAE04EC0-301F-11D3-BF4B-00C04F79EFBC}") = "OpenClosedPrinciple", "OpenClosedPrinciple\OpenClosedPrinciple\OpenClosedPrinciple.csproj", "{48916118-B199-4F85-8F42-D05D9DB30885}"
EndProject
Global
	GlobalSection(SolutionConfigurationPlatforms) = preSolution
		Debug|Any CPU = Debug|Any CPU
		Debug|x64 = Debug|x64
		Debug|x86 = Debug|x86
		Release|Any CPU = Release|Any CPU
		Release|x64 = Release|x64
		Release|x86 = Release|x86
	EndGlobalSection
	GlobalSection(ProjectConfigurationPlatforms) = postSolution
		{48916118-B199-4F85-8F42-D05D9DB30885}.Debug|Any CPU.ActiveCfg = Debug|Any CPU
		{48916118-B199-4F85-8F42-D05D9DB30885}.Debug|Any CPU.Build.0 = Debug|Any CPU
		{48916118-B199-4F85-8F42-D05D9DB30885}.Debug|x64.ActiveCfg = Debug|Any CPU
		{48916118-B199-4F85-8F42-D05D9DB30885}.Debug|x64.Build.0 = Debug|Any CPU
		{48916118-B199-4F85-8F42-D05D9DB30885}.Debug|x86.ActiveCfg = Debug|Any CPU
		{48916118-B199-4F85-8F42-D05D9DB30885}.Debug|x86.Build.0 = Debug|Any CPU
		{48916118-B199-4F85-8F42-D05D9DB30885}.Release|Any CPU.ActiveCfg = Release|Any CPU
		{48916118-B199-4F85-8F42-D05D9DB30885}.Release|Any CPU.Build.0 = Release|Any CPU
		{48916118-B199-4F85-8F42-D05D9DB30885}.Release|x64.ActiveCfg = Release|Any CPU
		{48916118-B199-4F85-8F42-D05D9DB30885}.Release|x64.Build.0 = Release|Any CPU
		{48916118-B199-4F85-8F42-D05D9DB30885}.Release|x86.ActiveCfg = Release|Any CPU
		{48916118-B199-4F85-8F42-D05D9DB30885}.Release|x86.Build.0 = Release|Any CPU
	EndGlobalSection
	GlobalSection(SolutionProperties) = preSolution
		HideSolutionNode = FALSE
	EndGlobalSection
	GlobalSection(ExtensibilityGlobals) = postSolution
		SolutionGuid = {7E5008BC-D826-4D9F-8AE0-3BD2E49E7FA6}
	EndGlobalSection
EndGlobal
